// !$*UTF8*$!
{
	archiveVersion = 1;
	classes = {
	};
	objectVersion = 50;
	objects = {

/* Begin PBXBuildFile section */
		154D385B26EED1E900036613 /* rokhanPW1App.swift in Sources */ = {isa = PBXBuildFile; fileRef = 154D385A26EED1E900036613 /* rokhanPW1App.swift */; };
		154D385D26EED1E900036613 /* ContentView.swift in Sources */ = {isa = PBXBuildFile; fileRef = 154D385C26EED1E900036613 /* ContentView.swift */; };
		154D385F26EED1E900036613 /* Assets.xcassets in Resources */ = {isa = PBXBuildFile; fileRef = 154D385E26EED1E900036613 /* Assets.xcassets */; };
		154D386226EED1E900036613 /* Preview Assets.xcassets in Resources */ = {isa = PBXBuildFile; fileRef = 154D386126EED1E900036613 /* Preview Assets.xcassets */; };
		154D386D26EED1E900036613 /* rokhanPW1Tests.swift in Sources */ = {isa = PBXBuildFile; fileRef = 154D386C26EED1E900036613 /* rokhanPW1Tests.swift */; };
		154D387826EED1E900036613 /* rokhanPW1UITests.swift in Sources */ = {isa = PBXBuildFile; fileRef = 154D387726EED1E900036613 /* rokhanPW1UITests.swift */; };
/* End PBXBuildFile section */

/* Begin PBXContainerItemProxy section */
		154D386926EED1E900036613 /* PBXContainerItemProxy */ = {
			isa = PBXContainerItemProxy;
			containerPortal = 154D384F26EED1E900036613 /* Project object */;
			proxyType = 1;
			remoteGlobalIDString = 154D385626EED1E900036613;
			remoteInfo = rokhanPW1;
		};
		154D387426EED1E900036613 /* PBXContainerItemProxy */ = {
			isa = PBXContainerItemProxy;
			containerPortal = 154D384F26EED1E900036613 /* Project object */;
			proxyType = 1;
			remoteGlobalIDString = 154D385626EED1E900036613;
			remoteInfo = rokhanPW1;
		};
/* End PBXContainerItemProxy section */

/* Begin PBXFileReference section */
		154D385726EED1E900036613 /* rokhanPW1.app */ = {isa = PBXFileReference; explicitFileType = wrapper.application; includeInIndex = 0; path = rokhanPW1.app; sourceTree = BUILT_PRODUCTS_DIR; };
		154D385A26EED1E900036613 /* rokhanPW1App.swift */ = {isa = PBXFileReference; lastKnownFileType = sourcecode.swift; path = rokhanPW1App.swift; sourceTree = "<group>"; };
		154D385C26EED1E900036613 /* ContentView.swift */ = {isa = PBXFileReference; lastKnownFileType = sourcecode.swift; path = ContentView.swift; sourceTree = "<group>"; };
		154D385E26EED1E900036613 /* Assets.xcassets */ = {isa = PBXFileReference; lastKnownFileType = folder.assetcatalog; path = Assets.xcassets; sourceTree = "<group>"; };
		154D386126EED1E900036613 /* Preview Assets.xcassets */ = {isa = PBXFileReference; lastKnownFileType = folder.assetcatalog; path = "Preview Assets.xcassets"; sourceTree = "<group>"; };
		154D386326EED1E900036613 /* Info.plist */ = {isa = PBXFileReference; lastKnownFileType = text.plist.xml; path = Info.plist; sourceTree = "<group>"; };
		154D386826EED1E900036613 /* rokhanPW1Tests.xctest */ = {isa = PBXFileReference; explicitFileType = wrapper.cfbundle; includeInIndex = 0; path = rokhanPW1Tests.xctest; sourceTree = BUILT_PRODUCTS_DIR; };
		154D386C26EED1E900036613 /* rokhanPW1Tests.swift */ = {isa = PBXFileReference; lastKnownFileType = sourcecode.swift; path = rokhanPW1Tests.swift; sourceTree = "<group>"; };
		154D386E26EED1E900036613 /* Info.plist */ = {isa = PBXFileReference; lastKnownFileType = text.plist.xml; path = Info.plist; sourceTree = "<group>"; };
		154D387326EED1E900036613 /* rokhanPW1UITests.xctest */ = {isa = PBXFileReference; explicitFileType = wrapper.cfbundle; includeInIndex = 0; path = rokhanPW1UITests.xctest; sourceTree = BUILT_PRODUCTS_DIR; };
		154D387726EED1E900036613 /* rokhanPW1UITests.swift */ = {isa = PBXFileReference; lastKnownFileType = sourcecode.swift; path = rokhanPW1UITests.swift; sourceTree = "<group>"; };
		154D387926EED1E900036613 /* Info.plist */ = {isa = PBXFileReference; lastKnownFileType = text.plist.xml; path = Info.plist; sourceTree = "<group>"; };
/* End PBXFileReference section */

/* Begin PBXFrameworksBuildPhase section */
		154D385426EED1E900036613 /* Frameworks */ = {
			isa = PBXFrameworksBuildPhase;
			buildActionMask = 2147483647;
			files = (
			);
			runOnlyForDeploymentPostprocessing = 0;
		};
		154D386526EED1E900036613 /* Frameworks */ = {
			isa = PBXFrameworksBuildPhase;
			buildActionMask = 2147483647;
			files = (
			);
			runOnlyForDeploymentPostprocessing = 0;
		};
		154D387026EED1E900036613 /* Frameworks */ = {
			isa = PBXFrameworksBuildPhase;
			buildActionMask = 2147483647;
			files = (
			);
			runOnlyForDeploymentPostprocessing = 0;
		};
/* End PBXFrameworksBuildPhase section */

/* Begin PBXGroup section */
		154D384E26EED1E900036613 = {
			isa = PBXGroup;
			children = (
				154D385926EED1E900036613 /* rokhanPW1 */,
				154D386B26EED1E900036613 /* rokhanPW1Tests */,
				154D387626EED1E900036613 /* rokhanPW1UITests */,
				154D385826EED1E900036613 /* Products */,
			);
			sourceTree = "<group>";
		};
		154D385826EED1E900036613 /* Products */ = {
			isa = PBXGroup;
			children = (
				154D385726EED1E900036613 /* rokhanPW1.app */,
				154D386826EED1E900036613 /* rokhanPW1Tests.xctest */,
				154D387326EED1E900036613 /* rokhanPW1UITests.xctest */,
			);
			name = Products;
			sourceTree = "<group>";
		};
		154D385926EED1E900036613 /* rokhanPW1 */ = {
			isa = PBXGroup;
			children = (
				154D385A26EED1E900036613 /* rokhanPW1App.swift */,
				154D385C26EED1E900036613 /* ContentView.swift */,
				154D385E26EED1E900036613 /* Assets.xcassets */,
				154D386326EED1E900036613 /* Info.plist */,
				154D386026EED1E900036613 /* Preview Content */,
			);
			path = rokhanPW1;
			sourceTree = "<group>";
		};
		154D386026EED1E900036613 /* Preview Content */ = {
			isa = PBXGroup;
			children = (
				154D386126EED1E900036613 /* Preview Assets.xcassets */,
			);
			path = "Preview Content";
			sourceTree = "<group>";
		};
		154D386B26EED1E900036613 /* rokhanPW1Tests */ = {
			isa = PBXGroup;
			children = (
				154D386C26EED1E900036613 /* rokhanPW1Tests.swift */,
				154D386E26EED1E900036613 /* Info.plist */,
			);
			path = rokhanPW1Tests;
			sourceTree = "<group>";
		};
		154D387626EED1E900036613 /* rokhanPW1UITests */ = {
			isa = PBXGroup;
			children = (
				154D387726EED1E900036613 /* rokhanPW1UITests.swift */,
				154D387926EED1E900036613 /* Info.plist */,
			);
			path = rokhanPW1UITests;
			sourceTree = "<group>";
		};
/* End PBXGroup section */

/* Begin PBXNativeTarget section */
		154D385626EED1E900036613 /* rokhanPW1 */ = {
			isa = PBXNativeTarget;
			buildConfigurationList = 154D387C26EED1EA00036613 /* Build configuration list for PBXNativeTarget "rokhanPW1" */;
			buildPhases = (
				154D385326EED1E900036613 /* Sources */,
				154D385426EED1E900036613 /* Frameworks */,
				154D385526EED1E900036613 /* Resources */,
			);
			buildRules = (
			);
			dependencies = (
			);
			name = rokhanPW1;
			productName = rokhanPW1;
			productReference = 154D385726EED1E900036613 /* rokhanPW1.app */;
			productType = "com.apple.product-type.application";
		};
		154D386726EED1E900036613 /* rokhanPW1Tests */ = {
			isa = PBXNativeTarget;
			buildConfigurationList = 154D387F26EED1EA00036613 /* Build configuration list for PBXNativeTarget "rokhanPW1Tests" */;
			buildPhases = (
				154D386426EED1E900036613 /* Sources */,
				154D386526EED1E900036613 /* Frameworks */,
				154D386626EED1E900036613 /* Resources */,
			);
			buildRules = (
			);
			dependencies = (
				154D386A26EED1E900036613 /* PBXTargetDependency */,
			);
			name = rokhanPW1Tests;
			productName = rokhanPW1Tests;
			productReference = 154D386826EED1E900036613 /* rokhanPW1Tests.xctest */;
			productType = "com.apple.product-type.bundle.unit-test";
		};
		154D387226EED1E900036613 /* rokhanPW1UITests */ = {
			isa = PBXNativeTarget;
			buildConfigurationList = 154D388226EED1EA00036613 /* Build configuration list for PBXNativeTarget "rokhanPW1UITests" */;
			buildPhases = (
				154D386F26EED1E900036613 /* Sources */,
				154D387026EED1E900036613 /* Frameworks */,
				154D387126EED1E900036613 /* Resources */,
			);
			buildRules = (
			);
			dependencies = (
				154D387526EED1E900036613 /* PBXTargetDependency */,
			);
			name = rokhanPW1UITests;
			productName = rokhanPW1UITests;
			productReference = 154D387326EED1E900036613 /* rokhanPW1UITests.xctest */;
			productType = "com.apple.product-type.bundle.ui-testing";
		};
/* End PBXNativeTarget section */

/* Begin PBXProject section */
		154D384F26EED1E900036613 /* Project object */ = {
			isa = PBXProject;
			attributes = {
				LastSwiftUpdateCheck = 1250;
				LastUpgradeCheck = 1250;
				TargetAttributes = {
					154D385626EED1E900036613 = {
						CreatedOnToolsVersion = 12.5.1;
					};
					154D386726EED1E900036613 = {
						CreatedOnToolsVersion = 12.5.1;
						TestTargetID = 154D385626EED1E900036613;
					};
					154D387226EED1E900036613 = {
						CreatedOnToolsVersion = 12.5.1;
						TestTargetID = 154D385626EED1E900036613;
					};
				};
			};
			buildConfigurationList = 154D385226EED1E900036613 /* Build configuration list for PBXProject "rokhanPW1" */;
			compatibilityVersion = "Xcode 9.3";
			developmentRegion = en;
			hasScannedForEncodings = 0;
			knownRegions = (
				en,
				Base,
			);
			mainGroup = 154D384E26EED1E900036613;
			productRefGroup = 154D385826EED1E900036613 /* Products */;
			projectDirPath = "";
			projectRoot = "";
			targets = (
				154D385626EED1E900036613 /* rokhanPW1 */,
				154D386726EED1E900036613 /* rokhanPW1Tests */,
				154D387226EED1E900036613 /* rokhanPW1UITests */,
			);
		};
/* End PBXProject section */

/* Begin PBXResourcesBuildPhase section */
		154D385526EED1E900036613 /* Resources */ = {
			isa = PBXResourcesBuildPhase;
			buildActionMask = 2147483647;
			files = (
				154D386226EED1E900036613 /* Preview Assets.xcassets in Resources */,
				154D385F26EED1E900036613 /* Assets.xcassets in Resources */,
			);
			runOnlyForDeploymentPostprocessing = 0;
		};
		154D386626EED1E900036613 /* Resources */ = {
			isa = PBXResourcesBuildPhase;
			buildActionMask = 2147483647;
			files = (
			);
			runOnlyForDeploymentPostprocessing = 0;
		};
		154D387126EED1E900036613 /* Resources */ = {
			isa = PBXResourcesBuildPhase;
			buildActionMask = 2147483647;
			files = (
			);
			runOnlyForDeploymentPostprocessing = 0;
		};
/* End PBXResourcesBuildPhase section */

/* Begin PBXSourcesBuildPhase section */
		154D385326EED1E900036613 /* Sources */ = {
			isa = PBXSourcesBuildPhase;
			buildActionMask = 2147483647;
			files = (
				154D385D26EED1E900036613 /* ContentView.swift in Sources */,
				154D385B26EED1E900036613 /* rokhanPW1App.swift in Sources */,
			);
			runOnlyForDeploymentPostprocessing = 0;
		};
		154D386426EED1E900036613 /* Sources */ = {
			isa = PBXSourcesBuildPhase;
			buildActionMask = 2147483647;
			files = (
				154D386D26EED1E900036613 /* rokhanPW1Tests.swift in Sources */,
			);
			runOnlyForDeploymentPostprocessing = 0;
		};
		154D386F26EED1E900036613 /* Sources */ = {
			isa = PBXSourcesBuildPhase;
			buildActionMask = 2147483647;
			files = (
				154D387826EED1E900036613 /* rokhanPW1UITests.swift in Sources */,
			);
			runOnlyForDeploymentPostprocessing = 0;
		};
/* End PBXSourcesBuildPhase section */

/* Begin PBXTargetDependency section */
		154D386A26EED1E900036613 /* PBXTargetDependency */ = {
			isa = PBXTargetDependency;
			target = 154D385626EED1E900036613 /* rokhanPW1 */;
			targetProxy = 154D386926EED1E900036613 /* PBXContainerItemProxy */;
		};
		154D387526EED1E900036613 /* PBXTargetDependency */ = {
			isa = PBXTargetDependency;
			target = 154D385626EED1E900036613 /* rokhanPW1 */;
			targetProxy = 154D387426EED1E900036613 /* PBXContainerItemProxy */;
		};
/* End PBXTargetDependency section */

/* Begin XCBuildConfiguration section */
		154D387A26EED1EA00036613 /* Debug */ = {
			isa = XCBuildConfiguration;
			buildSettings = {
				ALWAYS_SEARCH_USER_PATHS = NO;
				CLANG_ANALYZER_NONNULL = YES;
				CLANG_ANALYZER_NUMBER_OBJECT_CONVERSION = YES_AGGRESSIVE;
				CLANG_CXX_LANGUAGE_STANDARD = "gnu++14";
				CLANG_CXX_LIBRARY = "libc++";
				CLANG_ENABLE_MODULES = YES;
				CLANG_ENABLE_OBJC_ARC = YES;
				CLANG_ENABLE_OBJC_WEAK = YES;
				CLANG_WARN_BLOCK_CAPTURE_AUTORELEASING = YES;
				CLANG_WARN_BOOL_CONVERSION = YES;
				CLANG_WARN_COMMA = YES;
				CLANG_WARN_CONSTANT_CONVERSION = YES;
				CLANG_WARN_DEPRECATED_OBJC_IMPLEMENTATIONS = YES;
				CLANG_WARN_DIRECT_OBJC_ISA_USAGE = YES_ERROR;
				CLANG_WARN_DOCUMENTATION_COMMENTS = YES;
				CLANG_WARN_EMPTY_BODY = YES;
				CLANG_WARN_ENUM_CONVERSION = YES;
				CLANG_WARN_INFINITE_RECURSION = YES;
				CLANG_WARN_INT_CONVERSION = YES;
				CLANG_WARN_NON_LITERAL_NULL_CONVERSION = YES;
				CLANG_WARN_OBJC_IMPLICIT_RETAIN_SELF = YES;
				CLANG_WARN_OBJC_LITERAL_CONVERSION = YES;
				CLANG_WARN_OBJC_ROOT_CLASS = YES_ERROR;
				CLANG_WARN_QUOTED_INCLUDE_IN_FRAMEWORK_HEADER = YES;
				CLANG_WARN_RANGE_LOOP_ANALYSIS = YES;
				CLANG_WARN_STRICT_PROTOTYPES = YES;
				CLANG_WARN_SUSPICIOUS_MOVE = YES;
				CLANG_WARN_UNGUARDED_AVAILABILITY = YES_AGGRESSIVE;
				CLANG_WARN_UNREACHABLE_CODE = YES;
				CLANG_WARN__DUPLICATE_METHOD_MATCH = YES;
				COPY_PHASE_STRIP = NO;
				DEBUG_INFORMATION_FORMAT = dwarf;
				ENABLE_STRICT_OBJC_MSGSEND = YES;
				ENABLE_TESTABILITY = YES;
				GCC_C_LANGUAGE_STANDARD = gnu11;
				GCC_DYNAMIC_NO_PIC = NO;
				GCC_NO_COMMON_BLOCKS = YES;
				GCC_OPTIMIZATION_LEVEL = 0;
				GCC_PREPROCESSOR_DEFINITIONS = (
					"DEBUG=1",
					"$(inherited)",
				);
				GCC_WARN_64_TO_32_BIT_CONVERSION = YES;
				GCC_WARN_ABOUT_RETURN_TYPE = YES_ERROR;
				GCC_WARN_UNDECLARED_SELECTOR = YES;
				GCC_WARN_UNINITIALIZED_AUTOS = YES_AGGRESSIVE;
				GCC_WARN_UNUSED_FUNCTION = YES;
				GCC_WARN_UNUSED_VARIABLE = YES;
				IPHONEOS_DEPLOYMENT_TARGET = 14.5;
				MTL_ENABLE_DEBUG_INFO = INCLUDE_SOURCE;
				MTL_FAST_MATH = YES;
				ONLY_ACTIVE_ARCH = YES;
				SDKROOT = iphoneos;
				SWIFT_ACTIVE_COMPILATION_CONDITIONS = DEBUG;
				SWIFT_OPTIMIZATION_LEVEL = "-Onone";
			};
			name = Debug;
		};
		154D387B26EED1EA00036613 /* Release */ = {
			isa = XCBuildConfiguration;
			buildSettings = {
				ALWAYS_SEARCH_USER_PATHS = NO;
				CLANG_ANALYZER_NONNULL = YES;
				CLANG_ANALYZER_NUMBER_OBJECT_CONVERSION = YES_AGGRESSIVE;
				CLANG_CXX_LANGUAGE_STANDARD = "gnu++14";
				CLANG_CXX_LIBRARY = "libc++";
				CLANG_ENABLE_MODULES = YES;
				CLANG_ENABLE_OBJC_ARC = YES;
				CLANG_ENABLE_OBJC_WEAK = YES;
				CLANG_WARN_BLOCK_CAPTURE_AUTORELEASING = YES;
				CLANG_WARN_BOOL_CONVERSION = YES;
				CLANG_WARN_COMMA = YES;
				CLANG_WARN_CONSTANT_CONVERSION = YES;
				CLANG_WARN_DEPRECATED_OBJC_IMPLEMENTATIONS = YES;
				CLANG_WARN_DIRECT_OBJC_ISA_USAGE = YES_ERROR;
				CLANG_WARN_DOCUMENTATION_COMMENTS = YES;
				CLANG_WARN_EMPTY_BODY = YES;
				CLANG_WARN_ENUM_CONVERSION = YES;
				CLANG_WARN_INFINITE_RECURSION = YES;
				CLANG_WARN_INT_CONVERSION = YES;
				CLANG_WARN_NON_LITERAL_NULL_CONVERSION = YES;
				CLANG_WARN_OBJC_IMPLICIT_RETAIN_SELF = YES;
				CLANG_WARN_OBJC_LITERAL_CONVERSION = YES;
				CLANG_WARN_OBJC_ROOT_CLASS = YES_ERROR;
				CLANG_WARN_QUOTED_INCLUDE_IN_FRAMEWORK_HEADER = YES;
				CLANG_WARN_RANGE_LOOP_ANALYSIS = YES;
				CLANG_WARN_STRICT_PROTOTYPES = YES;
				CLANG_WARN_SUSPICIOUS_MOVE = YES;
				CLANG_WARN_UNGUARDED_AVAILABILITY = YES_AGGRESSIVE;
				CLANG_WARN_UNREACHABLE_CODE = YES;
				CLANG_WARN__DUPLICATE_METHOD_MATCH = YES;
				COPY_PHASE_STRIP = NO;
				DEBUG_INFORMATION_FORMAT = "dwarf-with-dsym";
				ENABLE_NS_ASSERTIONS = NO;
				ENABLE_STRICT_OBJC_MSGSEND = YES;
				GCC_C_LANGUAGE_STANDARD = gnu11;
				GCC_NO_COMMON_BLOCKS = YES;
				GCC_WARN_64_TO_32_BIT_CONVERSION = YES;
				GCC_WARN_ABOUT_RETURN_TYPE = YES_ERROR;
				GCC_WARN_UNDECLARED_SELECTOR = YES;
				GCC_WARN_UNINITIALIZED_AUTOS = YES_AGGRESSIVE;
				GCC_WARN_UNUSED_FUNCTION = YES;
				GCC_WARN_UNUSED_VARIABLE = YES;
				IPHONEOS_DEPLOYMENT_TARGET = 14.5;
				MTL_ENABLE_DEBUG_INFO = NO;
				MTL_FAST_MATH = YES;
				SDKROOT = iphoneos;
				SWIFT_COMPILATION_MODE = wholemodule;
				SWIFT_OPTIMIZATION_LEVEL = "-O";
				VALIDATE_PRODUCT = YES;
			};
			name = Release;
		};
		154D387D26EED1EA00036613 /* Debug */ = {
			isa = XCBuildConfiguration;
			buildSettings = {
				ASSETCATALOG_COMPILER_APPICON_NAME = AppIcon;
				ASSETCATALOG_COMPILER_GLOBAL_ACCENT_COLOR_NAME = AccentColor;
				CODE_SIGN_STYLE = Automatic;
				DEVELOPMENT_ASSET_PATHS = "\"rokhanPW1/Preview Content\"";
				ENABLE_PREVIEWS = YES;
				INFOPLIST_FILE = rokhanPW1/Info.plist;
				IPHONEOS_DEPLOYMENT_TARGET = 14.0;
				LD_RUNPATH_SEARCH_PATHS = (
					"$(inherited)",
					"@executable_path/Frameworks",
				);
				PRODUCT_BUNDLE_IDENTIFIER = IOS.rokhanPW1;
				PRODUCT_NAME = "$(TARGET_NAME)";
				SWIFT_VERSION = 5.0;
				TARGETED_DEVICE_FAMILY = "1,2";
			};
			name = Debug;
		};
		154D387E26EED1EA00036613 /* Release */ = {
			isa = XCBuildConfiguration;
			buildSettings = {
				ASSETCATALOG_COMPILER_APPICON_NAME = AppIcon;
				ASSETCATALOG_COMPILER_GLOBAL_ACCENT_COLOR_NAME = AccentColor;
				CODE_SIGN_STYLE = Automatic;
				DEVELOPMENT_ASSET_PATHS = "\"rokhanPW1/Preview Content\"";
				ENABLE_PREVIEWS = YES;
				INFOPLIST_FILE = rokhanPW1/Info.plist;
				IPHONEOS_DEPLOYMENT_TARGET = 14.0;
				LD_RUNPATH_SEARCH_PATHS = (
					"$(inherited)",
					"@executable_path/Frameworks",
				);
				PRODUCT_BUNDLE_IDENTIFIER = IOS.rokhanPW1;
				PRODUCT_NAME = "$(TARGET_NAME)";
				SWIFT_VERSION = 5.0;
				TARGETED_DEVICE_FAMILY = "1,2";
			};
			name = Release;
		};
		154D388026EED1EA00036613 /* Debug */ = {
			isa = XCBuildConfiguration;
			buildSettings = {
				ALWAYS_EMBED_SWIFT_STANDARD_LIBRARIES = YES;
				BUNDLE_LOADER = "$(TEST_HOST)";
				CODE_SIGN_STYLE = Automatic;
				INFOPLIST_FILE = rokhanPW1Tests/Info.plist;
				IPHONEOS_DEPLOYMENT_TARGET = 14.0;
				LD_RUNPATH_SEARCH_PATHS = (
					"$(inherited)",
					"@executable_path/Frameworks",
					"@loader_path/Frameworks",
				);
				PRODUCT_BUNDLE_IDENTIFIER = IOS.rokhanPW1Tests;
				PRODUCT_NAME = "$(TARGET_NAME)";
				SWIFT_VERSION = 5.0;
				TARGETED_DEVICE_FAMILY = "1,2";
				TEST_HOST = "$(BUILT_PRODUCTS_DIR)/rokhanPW1.app/rokhanPW1";
			};
			name = Debug;
		};
		154D388126EED1EA00036613 /* Release */ = {
			isa = XCBuildConfiguration;
			buildSettings = {
				ALWAYS_EMBED_SWIFT_STANDARD_LIBRARIES = YES;
				BUNDLE_LOADER = "$(TEST_HOST)";
				CODE_SIGN_STYLE = Automatic;
				INFOPLIST_FILE = rokhanPW1Tests/Info.plist;
				IPHONEOS_DEPLOYMENT_TARGET = 14.0;
				LD_RUNPATH_SEARCH_PATHS = (
					"$(inherited)",
					"@executable_path/Frameworks",
					"@loader_path/Frameworks",
				);
				PRODUCT_BUNDLE_IDENTIFIER = IOS.rokhanPW1Tests;
				PRODUCT_NAME = "$(TARGET_NAME)";
				SWIFT_VERSION = 5.0;
				TARGETED_DEVICE_FAMILY = "1,2";
				TEST_HOST = "$(BUILT_PRODUCTS_DIR)/rokhanPW1.app/rokhanPW1";
			};
			name = Release;
		};
		154D388326EED1EA00036613 /* Debug */ = {
			isa = XCBuildConfiguration;
			buildSettings = {
				ALWAYS_EMBED_SWIFT_STANDARD_LIBRARIES = YES;
				CODE_SIGN_STYLE = Automatic;
				INFOPLIST_FILE = rokhanPW1UITests/Info.plist;
				LD_RUNPATH_SEARCH_PATHS = (
					"$(inherited)",
					"@executable_path/Frameworks",
					"@loader_path/Frameworks",
				);
				PRODUCT_BUNDLE_IDENTIFIER = IOS.rokhanPW1UITests;
				PRODUCT_NAME = "$(TARGET_NAME)";
				SWIFT_VERSION = 5.0;
				TARGETED_DEVICE_FAMILY = "1,2";
				TEST_TARGET_NAME = rokhanPW1;
			};
			name = Debug;
		};
		154D388426EED1EA00036613 /* Release */ = {
			isa = XCBuildConfiguration;
			buildSettings = {
				ALWAYS_EMBED_SWIFT_STANDARD_LIBRARIES = YES;
				CODE_SIGN_STYLE = Automatic;
				INFOPLIST_FILE = rokhanPW1UITests/Info.plist;
				LD_RUNPATH_SEARCH_PATHS = (
					"$(inherited)",
					"@executable_path/Frameworks",
					"@loader_path/Frameworks",
				);
				PRODUCT_BUNDLE_IDENTIFIER = IOS.rokhanPW1UITests;
				PRODUCT_NAME = "$(TARGET_NAME)";
				SWIFT_VERSION = 5.0;
				TARGETED_DEVICE_FAMILY = "1,2";
				TEST_TARGET_NAME = rokhanPW1;
			};
			name = Release;
		};
/* End XCBuildConfiguration section */

/* Begin XCConfigurationList section */
		154D385226EED1E900036613 /* Build configuration list for PBXProject "rokhanPW1" */ = {
			isa = XCConfigurationList;
			buildConfigurations = (
				154D387A26EED1EA00036613 /* Debug */,
				154D387B26EED1EA00036613 /* Release */,
			);
			defaultConfigurationIsVisible = 0;
			defaultConfigurationName = Release;
		};
		154D387C26EED1EA00036613 /* Build configuration list for PBXNativeTarget "rokhanPW1" */ = {
			isa = XCConfigurationList;
			buildConfigurations = (
				154D387D26EED1EA00036613 /* Debug */,
				154D387E26EED1EA00036613 /* Release */,
			);
			defaultConfigurationIsVisible = 0;
			defaultConfigurationName = Release;
		};
		154D387F26EED1EA00036613 /* Build configuration list for PBXNativeTarget "rokhanPW1Tests" */ = {
			isa = XCConfigurationList;
			buildConfigurations = (
				154D388026EED1EA00036613 /* Debug */,
				154D388126EED1EA00036613 /* Release */,
			);
			defaultConfigurationIsVisible = 0;
			defaultConfigurationName = Release;
		};
		154D388226EED1EA00036613 /* Build configuration list for PBXNativeTarget "rokhanPW1UITests" */ = {
			isa = XCConfigurationList;
			buildConfigurations = (
				154D388326EED1EA00036613 /* Debug */,
				154D388426EED1EA00036613 /* Release */,
			);
			defaultConfigurationIsVisible = 0;
			defaultConfigurationName = Release;
		};
/* End XCConfigurationList section */
	};
	rootObject = 154D384F26EED1E900036613 /* Project object */;
}
