// !$*UTF8*$!
{
	archiveVersion = 1;
	classes = {
	};
	objectVersion = 52;
	objects = {

/* Begin PBXBuildFile section */
		15C2F304274036A5003983F1 /* AppDelegate.swift in Sources */ = {isa = PBXBuildFile; fileRef = 15C2F303274036A5003983F1 /* AppDelegate.swift */; };
		15C2F306274036A5003983F1 /* SceneDelegate.swift in Sources */ = {isa = PBXBuildFile; fileRef = 15C2F305274036A5003983F1 /* SceneDelegate.swift */; };
		15C2F308274036A5003983F1 /* ViewController.swift in Sources */ = {isa = PBXBuildFile; fileRef = 15C2F307274036A5003983F1 /* ViewController.swift */; };
		15C2F30D274036A6003983F1 /* Assets.xcassets in Resources */ = {isa = PBXBuildFile; fileRef = 15C2F30C274036A6003983F1 /* Assets.xcassets */; };
		15C2F39C27405AB0003983F1 /* MyLogger1.framework in Frameworks */ = {isa = PBXBuildFile; fileRef = 15C2F39A27405AA0003983F1 /* MyLogger1.framework */; };
		15C2F39D27405AB0003983F1 /* MyLogger1.framework in Embed Frameworks */ = {isa = PBXBuildFile; fileRef = 15C2F39A27405AA0003983F1 /* MyLogger1.framework */; settings = {ATTRIBUTES = (CodeSignOnCopy, RemoveHeadersOnCopy, ); }; };
		15C2F3A127406E47003983F1 /* MyLogger2 in Frameworks */ = {isa = PBXBuildFile; productRef = 15C2F3A027406E47003983F1 /* MyLogger2 */; };
/* End PBXBuildFile section */

/* Begin PBXContainerItemProxy section */
		15C2F39927405AA0003983F1 /* PBXContainerItemProxy */ = {
			isa = PBXContainerItemProxy;
			containerPortal = 15C2F39527405AA0003983F1 /* MyLogger1.xcodeproj */;
			proxyType = 2;
			remoteGlobalIDString = 15C2F38827405A70003983F1;
			remoteInfo = MyLogger1;
		};
/* End PBXContainerItemProxy section */

/* Begin PBXCopyFilesBuildPhase section */
		15C2F39E27405AB0003983F1 /* Embed Frameworks */ = {
			isa = PBXCopyFilesBuildPhase;
			buildActionMask = 2147483647;
			dstPath = "";
			dstSubfolderSpec = 10;
			files = (
				15C2F39D27405AB0003983F1 /* MyLogger1.framework in Embed Frameworks */,
			);
			name = "Embed Frameworks";
			runOnlyForDeploymentPostprocessing = 0;
		};
/* End PBXCopyFilesBuildPhase section */

/* Begin PBXFileReference section */
		15C2F300274036A5003983F1 /* rokhanPW6.app */ = {isa = PBXFileReference; explicitFileType = wrapper.application; includeInIndex = 0; path = rokhanPW6.app; sourceTree = BUILT_PRODUCTS_DIR; };
		15C2F303274036A5003983F1 /* AppDelegate.swift */ = {isa = PBXFileReference; lastKnownFileType = sourcecode.swift; path = AppDelegate.swift; sourceTree = "<group>"; };
		15C2F305274036A5003983F1 /* SceneDelegate.swift */ = {isa = PBXFileReference; lastKnownFileType = sourcecode.swift; path = SceneDelegate.swift; sourceTree = "<group>"; };
		15C2F307274036A5003983F1 /* ViewController.swift */ = {isa = PBXFileReference; lastKnownFileType = sourcecode.swift; path = ViewController.swift; sourceTree = "<group>"; };
		15C2F30C274036A6003983F1 /* Assets.xcassets */ = {isa = PBXFileReference; lastKnownFileType = folder.assetcatalog; path = Assets.xcassets; sourceTree = "<group>"; };
		15C2F311274036A6003983F1 /* Info.plist */ = {isa = PBXFileReference; lastKnownFileType = text.plist.xml; path = Info.plist; sourceTree = "<group>"; };
		15C2F39527405AA0003983F1 /* MyLogger1.xcodeproj */ = {isa = PBXFileReference; lastKnownFileType = "wrapper.pb-project"; name = MyLogger1.xcodeproj; path = ../MyLogger1/MyLogger1.xcodeproj; sourceTree = "<group>"; };
		15C2F39F27406E02003983F1 /* MyLogger2 */ = {isa = PBXFileReference; lastKnownFileType = folder; name = MyLogger2; path = ../MyLogger2; sourceTree = "<group>"; };
/* End PBXFileReference section */

/* Begin PBXFrameworksBuildPhase section */
		15C2F2FD274036A5003983F1 /* Frameworks */ = {
			isa = PBXFrameworksBuildPhase;
			buildActionMask = 2147483647;
			files = (
				15C2F39C27405AB0003983F1 /* MyLogger1.framework in Frameworks */,
				15C2F3A127406E47003983F1 /* MyLogger2 in Frameworks */,
			);
			runOnlyForDeploymentPostprocessing = 0;
		};
/* End PBXFrameworksBuildPhase section */

/* Begin PBXGroup section */
		15C2F2F7274036A5003983F1 = {
			isa = PBXGroup;
			children = (
				15C2F39527405AA0003983F1 /* MyLogger1.xcodeproj */,
				15C2F302274036A5003983F1 /* rokhanPW6 */,
				15C2F301274036A5003983F1 /* Products */,
				15C2F39B27405AB0003983F1 /* Frameworks */,
			);
			sourceTree = "<group>";
		};
		15C2F301274036A5003983F1 /* Products */ = {
			isa = PBXGroup;
			children = (
				15C2F300274036A5003983F1 /* rokhanPW6.app */,
			);
			name = Products;
			sourceTree = "<group>";
		};
		15C2F302274036A5003983F1 /* rokhanPW6 */ = {
			isa = PBXGroup;
			children = (
				15C2F303274036A5003983F1 /* AppDelegate.swift */,
				15C2F305274036A5003983F1 /* SceneDelegate.swift */,
				15C2F307274036A5003983F1 /* ViewController.swift */,
				15C2F30C274036A6003983F1 /* Assets.xcassets */,
				15C2F311274036A6003983F1 /* Info.plist */,
			);
			path = rokhanPW6;
			sourceTree = "<group>";
		};
		15C2F39627405AA0003983F1 /* Products */ = {
			isa = PBXGroup;
			children = (
				15C2F39A27405AA0003983F1 /* MyLogger1.framework */,
			);
			name = Products;
			sourceTree = "<group>";
		};
		15C2F39B27405AB0003983F1 /* Frameworks */ = {
			isa = PBXGroup;
			children = (
				15C2F39F27406E02003983F1 /* MyLogger2 */,
			);
			name = Frameworks;
			sourceTree = "<group>";
		};
/* End PBXGroup section */

/* Begin PBXNativeTarget section */
		15C2F2FF274036A5003983F1 /* rokhanPW6 */ = {
			isa = PBXNativeTarget;
			buildConfigurationList = 15C2F314274036A6003983F1 /* Build configuration list for PBXNativeTarget "rokhanPW6" */;
			buildPhases = (
				15C2F2FC274036A5003983F1 /* Sources */,
				15C2F2FD274036A5003983F1 /* Frameworks */,
				15C2F2FE274036A5003983F1 /* Resources */,
				15C2F39E27405AB0003983F1 /* Embed Frameworks */,
			);
			buildRules = (
			);
			dependencies = (
			);
			name = rokhanPW6;
			packageProductDependencies = (
				15C2F3A027406E47003983F1 /* MyLogger2 */,
			);
			productName = rokhanPW6;
			productReference = 15C2F300274036A5003983F1 /* rokhanPW6.app */;
			productType = "com.apple.product-type.application";
		};
/* End PBXNativeTarget section */

/* Begin PBXProject section */
		15C2F2F8274036A5003983F1 /* Project object */ = {
			isa = PBXProject;
			attributes = {
				LastSwiftUpdateCheck = 1250;
				LastUpgradeCheck = 1250;
				TargetAttributes = {
					15C2F2FF274036A5003983F1 = {
						CreatedOnToolsVersion = 12.5.1;
					};
				};
			};
			buildConfigurationList = 15C2F2FB274036A5003983F1 /* Build configuration list for PBXProject "rokhanPW6" */;
			compatibilityVersion = "Xcode 9.3";
			developmentRegion = en;
			hasScannedForEncodings = 0;
			knownRegions = (
				en,
				Base,
			);
			mainGroup = 15C2F2F7274036A5003983F1;
			productRefGroup = 15C2F301274036A5003983F1 /* Products */;
			projectDirPath = "";
			projectReferences = (
				{
					ProductGroup = 15C2F39627405AA0003983F1 /* Products */;
					ProjectRef = 15C2F39527405AA0003983F1 /* MyLogger1.xcodeproj */;
				},
			);
			projectRoot = "";
			targets = (
				15C2F2FF274036A5003983F1 /* rokhanPW6 */,
			);
		};
/* End PBXProject section */

/* Begin PBXReferenceProxy section */
		15C2F39A27405AA0003983F1 /* MyLogger1.framework */ = {
			isa = PBXReferenceProxy;
			fileType = wrapper.framework;
			path = MyLogger1.framework;
			remoteRef = 15C2F39927405AA0003983F1 /* PBXContainerItemProxy */;
			sourceTree = BUILT_PRODUCTS_DIR;
		};
/* End PBXReferenceProxy section */

/* Begin PBXResourcesBuildPhase section */
		15C2F2FE274036A5003983F1 /* Resources */ = {
			isa = PBXResourcesBuildPhase;
			buildActionMask = 2147483647;
			files = (
				15C2F30D274036A6003983F1 /* Assets.xcassets in Resources */,
			);
			runOnlyForDeploymentPostprocessing = 0;
		};
/* End PBXResourcesBuildPhase section */

/* Begin PBXSourcesBuildPhase section */
		15C2F2FC274036A5003983F1 /* Sources */ = {
			isa = PBXSourcesBuildPhase;
			buildActionMask = 2147483647;
			files = (
				15C2F308274036A5003983F1 /* ViewController.swift in Sources */,
				15C2F304274036A5003983F1 /* AppDelegate.swift in Sources */,
				15C2F306274036A5003983F1 /* SceneDelegate.swift in Sources */,
			);
			runOnlyForDeploymentPostprocessing = 0;
		};
/* End PBXSourcesBuildPhase section */

/* Begin XCBuildConfiguration section */
		15C2F312274036A6003983F1 /* Debug */ = {
			isa = XCBuildConfiguration;
			buildSettings = {
				ALWAYS_SEARCH_USER_PATHS = NO;
				CLANG_ANALYZER_NONNULL = YES;
				CLANG_ANALYZER_NUMBER_OBJECT_CONVERSION = YES_AGGRESSIVE;
				CLANG_CXX_LANGUAGE_STANDARD = "gnu++14";
				CLANG_CXX_LIBRARY = "libc++";
				CLANG_ENABLE_MODULES = YES;
				CLANG_ENABLE_OBJC_ARC = YES;
				CLANG_ENABLE_OBJC_WEAK = YES;
				CLANG_WARN_BLOCK_CAPTURE_AUTORELEASING = YES;
				CLANG_WARN_BOOL_CONVERSION = YES;
				CLANG_WARN_COMMA = YES;
				CLANG_WARN_CONSTANT_CONVERSION = YES;
				CLANG_WARN_DEPRECATED_OBJC_IMPLEMENTATIONS = YES;
				CLANG_WARN_DIRECT_OBJC_ISA_USAGE = YES_ERROR;
				CLANG_WARN_DOCUMENTATION_COMMENTS = YES;
				CLANG_WARN_EMPTY_BODY = YES;
				CLANG_WARN_ENUM_CONVERSION = YES;
				CLANG_WARN_INFINITE_RECURSION = YES;
				CLANG_WARN_INT_CONVERSION = YES;
				CLANG_WARN_NON_LITERAL_NULL_CONVERSION = YES;
				CLANG_WARN_OBJC_IMPLICIT_RETAIN_SELF = YES;
				CLANG_WARN_OBJC_LITERAL_CONVERSION = YES;
				CLANG_WARN_OBJC_ROOT_CLASS = YES_ERROR;
				CLANG_WARN_QUOTED_INCLUDE_IN_FRAMEWORK_HEADER = YES;
				CLANG_WARN_RANGE_LOOP_ANALYSIS = YES;
				CLANG_WARN_STRICT_PROTOTYPES = YES;
				CLANG_WARN_SUSPICIOUS_MOVE = YES;
				CLANG_WARN_UNGUARDED_AVAILABILITY = YES_AGGRESSIVE;
				CLANG_WARN_UNREACHABLE_CODE = YES;
				CLANG_WARN__DUPLICATE_METHOD_MATCH = YES;
				COPY_PHASE_STRIP = NO;
				DEBUG_INFORMATION_FORMAT = dwarf;
				ENABLE_STRICT_OBJC_MSGSEND = YES;
				ENABLE_TESTABILITY = YES;
				GCC_C_LANGUAGE_STANDARD = gnu11;
				GCC_DYNAMIC_NO_PIC = NO;
				GCC_NO_COMMON_BLOCKS = YES;
				GCC_OPTIMIZATION_LEVEL = 0;
				GCC_PREPROCESSOR_DEFINITIONS = (
					"DEBUG=1",
					"$(inherited)",
				);
				GCC_WARN_64_TO_32_BIT_CONVERSION = YES;
				GCC_WARN_ABOUT_RETURN_TYPE = YES_ERROR;
				GCC_WARN_UNDECLARED_SELECTOR = YES;
				GCC_WARN_UNINITIALIZED_AUTOS = YES_AGGRESSIVE;
				GCC_WARN_UNUSED_FUNCTION = YES;
				GCC_WARN_UNUSED_VARIABLE = YES;
				IPHONEOS_DEPLOYMENT_TARGET = 14.5;
				MTL_ENABLE_DEBUG_INFO = INCLUDE_SOURCE;
				MTL_FAST_MATH = YES;
				ONLY_ACTIVE_ARCH = YES;
				SDKROOT = iphoneos;
				SWIFT_ACTIVE_COMPILATION_CONDITIONS = DEBUG;
				SWIFT_OPTIMIZATION_LEVEL = "-Onone";
			};
			name = Debug;
		};
		15C2F313274036A6003983F1 /* Release */ = {
			isa = XCBuildConfiguration;
			buildSettings = {
				ALWAYS_SEARCH_USER_PATHS = NO;
				CLANG_ANALYZER_NONNULL = YES;
				CLANG_ANALYZER_NUMBER_OBJECT_CONVERSION = YES_AGGRESSIVE;
				CLANG_CXX_LANGUAGE_STANDARD = "gnu++14";
				CLANG_CXX_LIBRARY = "libc++";
				CLANG_ENABLE_MODULES = YES;
				CLANG_ENABLE_OBJC_ARC = YES;
				CLANG_ENABLE_OBJC_WEAK = YES;
				CLANG_WARN_BLOCK_CAPTURE_AUTORELEASING = YES;
				CLANG_WARN_BOOL_CONVERSION = YES;
				CLANG_WARN_COMMA = YES;
				CLANG_WARN_CONSTANT_CONVERSION = YES;
				CLANG_WARN_DEPRECATED_OBJC_IMPLEMENTATIONS = YES;
				CLANG_WARN_DIRECT_OBJC_ISA_USAGE = YES_ERROR;
				CLANG_WARN_DOCUMENTATION_COMMENTS = YES;
				CLANG_WARN_EMPTY_BODY = YES;
				CLANG_WARN_ENUM_CONVERSION = YES;
				CLANG_WARN_INFINITE_RECURSION = YES;
				CLANG_WARN_INT_CONVERSION = YES;
				CLANG_WARN_NON_LITERAL_NULL_CONVERSION = YES;
				CLANG_WARN_OBJC_IMPLICIT_RETAIN_SELF = YES;
				CLANG_WARN_OBJC_LITERAL_CONVERSION = YES;
				CLANG_WARN_OBJC_ROOT_CLASS = YES_ERROR;
				CLANG_WARN_QUOTED_INCLUDE_IN_FRAMEWORK_HEADER = YES;
				CLANG_WARN_RANGE_LOOP_ANALYSIS = YES;
				CLANG_WARN_STRICT_PROTOTYPES = YES;
				CLANG_WARN_SUSPICIOUS_MOVE = YES;
				CLANG_WARN_UNGUARDED_AVAILABILITY = YES_AGGRESSIVE;
				CLANG_WARN_UNREACHABLE_CODE = YES;
				CLANG_WARN__DUPLICATE_METHOD_MATCH = YES;
				COPY_PHASE_STRIP = NO;
				DEBUG_INFORMATION_FORMAT = "dwarf-with-dsym";
				ENABLE_NS_ASSERTIONS = NO;
				ENABLE_STRICT_OBJC_MSGSEND = YES;
				GCC_C_LANGUAGE_STANDARD = gnu11;
				GCC_NO_COMMON_BLOCKS = YES;
				GCC_WARN_64_TO_32_BIT_CONVERSION = YES;
				GCC_WARN_ABOUT_RETURN_TYPE = YES_ERROR;
				GCC_WARN_UNDECLARED_SELECTOR = YES;
				GCC_WARN_UNINITIALIZED_AUTOS = YES_AGGRESSIVE;
				GCC_WARN_UNUSED_FUNCTION = YES;
				GCC_WARN_UNUSED_VARIABLE = YES;
				IPHONEOS_DEPLOYMENT_TARGET = 14.5;
				MTL_ENABLE_DEBUG_INFO = NO;
				MTL_FAST_MATH = YES;
				SDKROOT = iphoneos;
				SWIFT_COMPILATION_MODE = wholemodule;
				SWIFT_OPTIMIZATION_LEVEL = "-O";
				VALIDATE_PRODUCT = YES;
			};
			name = Release;
		};
		15C2F315274036A6003983F1 /* Debug */ = {
			isa = XCBuildConfiguration;
			buildSettings = {
				ASSETCATALOG_COMPILER_APPICON_NAME = AppIcon;
				ASSETCATALOG_COMPILER_GLOBAL_ACCENT_COLOR_NAME = AccentColor;
				CODE_SIGN_STYLE = Automatic;
				DEVELOPMENT_TEAM = MFM5R3Q3DW;
				INFOPLIST_FILE = rokhanPW6/Info.plist;
				LD_RUNPATH_SEARCH_PATHS = (
					"$(inherited)",
					"@executable_path/Frameworks",
				);
				PRODUCT_BUNDLE_IDENTIFIER = IOS.rokhanPW6;
				PRODUCT_NAME = "$(TARGET_NAME)";
				SWIFT_VERSION = 5.0;
				TARGETED_DEVICE_FAMILY = "1,2";
			};
			name = Debug;
		};
		15C2F316274036A6003983F1 /* Release */ = {
			isa = XCBuildConfiguration;
			buildSettings = {
				ASSETCATALOG_COMPILER_APPICON_NAME = AppIcon;
				ASSETCATALOG_COMPILER_GLOBAL_ACCENT_COLOR_NAME = AccentColor;
				CODE_SIGN_STYLE = Automatic;
				DEVELOPMENT_TEAM = MFM5R3Q3DW;
				INFOPLIST_FILE = rokhanPW6/Info.plist;
				LD_RUNPATH_SEARCH_PATHS = (
					"$(inherited)",
					"@executable_path/Frameworks",
				);
				PRODUCT_BUNDLE_IDENTIFIER = IOS.rokhanPW6;
				PRODUCT_NAME = "$(TARGET_NAME)";
				SWIFT_VERSION = 5.0;
				TARGETED_DEVICE_FAMILY = "1,2";
			};
			name = Release;
		};
/* End XCBuildConfiguration section */

/* Begin XCConfigurationList section */
		15C2F2FB274036A5003983F1 /* Build configuration list for PBXProject "rokhanPW6" */ = {
			isa = XCConfigurationList;
			buildConfigurations = (
				15C2F312274036A6003983F1 /* Debug */,
				15C2F313274036A6003983F1 /* Release */,
			);
			defaultConfigurationIsVisible = 0;
			defaultConfigurationName = Release;
		};
		15C2F314274036A6003983F1 /* Build configuration list for PBXNativeTarget "rokhanPW6" */ = {
			isa = XCConfigurationList;
			buildConfigurations = (
				15C2F315274036A6003983F1 /* Debug */,
				15C2F316274036A6003983F1 /* Release */,
			);
			defaultConfigurationIsVisible = 0;
			defaultConfigurationName = Release;
		};
/* End XCConfigurationList section */

/* Begin XCSwiftPackageProductDependency section */
		15C2F3A027406E47003983F1 /* MyLogger2 */ = {
			isa = XCSwiftPackageProductDependency;
			productName = MyLogger2;
		};
/* End XCSwiftPackageProductDependency section */
	};
	rootObject = 15C2F2F8274036A5003983F1 /* Project object */;
}
